Microsoft Visual Studio Solution File, Format Version 12.00
# Visual Studio Version 17
VisualStudioVersion = 17.13.35731.43
MinimumVisualStudioVersion = 10.0.40219.1
Project("{2150E333-8FDC-42A3-9474-1A3956D46DE8}") = "deploy", "deploy", "{02EA681E-C7D8-13C7-8484-4AC65E1B71E8}"
EndProject
Project("{2150E333-8FDC-42A3-9474-1A3956D46DE8}") = "src", "src", "{59FC77CF-F93B-4E6B-9B5D-6220698D97B2}"
EndProject
Project("{2150E333-8FDC-42A3-9474-1A3956D46DE8}") = "BuildingBlocks", "BuildingBlocks", "{BC6FD553-9A46-4507-8910-9015989148AE}"
EndProject
Project("{2150E333-8FDC-42A3-9474-1A3956D46DE8}") = "Services", "Services", "{974E5ABF-F5CA-498E-92CD-4098C02C7B97}"
EndProject
Project("{2150E333-8FDC-42A3-9474-1A3956D46DE8}") = "Web", "Web", "{6F13BAF3-8E00-45A9-A28F-A4B337329AFF}"
EndProject
Project("{2150E333-8FDC-42A3-9474-1A3956D46DE8}") = "Employee", "Employee", "{47EC405B-D8E8-4D54-9836-9AC8FF298EB5}"
EndProject
Project("{2150E333-8FDC-42A3-9474-1A3956D46DE8}") = "File", "File", "{68CD52CF-C70B-412A-AD87-4EE13B4929B6}"
EndProject
Project("{2150E333-8FDC-42A3-9474-1A3956D46DE8}") = "Gateway", "Gateway", "{606BC271-1324-4B79-86D6-3BF1A96852E8}"
EndProject
Project("{2150E333-8FDC-42A3-9474-1A3956D46DE8}") = "Identity", "Identity", "{F53F2DD6-643C-4355-9A48-1825ACC1E073}"
EndProject
Project("{2150E333-8FDC-42A3-9474-1A3956D46DE8}") = "Notification", "Notification", "{ACCF35F6-7613-4529-B534-98641516DFD8}"
EndProject
Project("{2150E333-8FDC-42A3-9474-1A3956D46DE8}") = "Performance", "Performance", "{46789DAC-A98F-4462-94FE-D6FA02B7918E}"
EndProject
Project("{2150E333-8FDC-42A3-9474-1A3956D46DE8}") = "Reporting", "Reporting", "{00AA072D-B5C8-425B-956B-05DD21128C63}"
EndProject
Project("{2150E333-8FDC-42A3-9474-1A3956D46DE8}") = "Training", "Training", "{8AED6039-FFF7-48BE-A7EA-30377543AD0B}"
EndProject
Project("{FAE04EC0-301F-11D3-BF4B-00C04F79EFBC}") = "Employee.API", "src\Services\Employee\Employee.API\Employee.API.csproj", "{135316BB-0319-39B9-3FDC-B7FC9FEDBAB3}"
EndProject
Project("{FAE04EC0-301F-11D3-BF4B-00C04F79EFBC}") = "Employee.Application", "src\Services\Employee\Employee.Application\Employee.Application.csproj", "{076D36F8-19F1-719C-3CE8-65F6F10C3219}"
EndProject
Project("{FAE04EC0-301F-11D3-BF4B-00C04F79EFBC}") = "Employee.Domain", "src\Services\Employee\Employee.Domain\Employee.Domain.csproj", "{7DF614FD-B152-FAEB-F599-E1C138F7E59A}"
EndProject
Project("{FAE04EC0-301F-11D3-BF4B-00C04F79EFBC}") = "Employee.Infrastructure", "src\Services\Employee\Employee.Infrastructure\Employee.Infrastructure.csproj", "{ED579F01-9E02-E6DA-B1B6-CA82406EA66D}"
EndProject
Project("{FAE04EC0-301F-11D3-BF4B-00C04F79EFBC}") = "Employee.Tests", "src\Services\Employee\Employee.Tests\Employee.Tests.csproj", "{F268265A-12B8-8E8F-737D-FEDAB40D7123}"
EndProject
Project("{FAE04EC0-301F-11D3-BF4B-00C04F79EFBC}") = "File.API", "src\Services\File\File.API\File.API.csproj", "{4C29D5F4-AACA-D7B3-11BB-360887C5A050}"
EndProject
Project("{FAE04EC0-301F-11D3-BF4B-00C04F79EFBC}") = "File.Application", "src\Services\File\File.Application\File.Application.csproj", "{0E5BC3C9-F502-B07D-5C65-85DEC6500F53}"
EndProject
Project("{FAE04EC0-301F-11D3-BF4B-00C04F79EFBC}") = "File.Domain", "src\Services\File\File.Domain\File.Domain.csproj", "{82F44E04-3228-D816-F5A6-BD93D893F1BB}"
EndProject
Project("{FAE04EC0-301F-11D3-BF4B-00C04F79EFBC}") = "File.Infrastructure", "src\Services\File\File.Infrastructure\File.Infrastructure.csproj", "{2F8FF272-D789-A1A4-DBB6-6FF490BCBB73}"
EndProject
Project("{FAE04EC0-301F-11D3-BF4B-00C04F79EFBC}") = "File.Tests", "src\Services\File\File.Tests\File.Tests.csproj", "{F852E12D-5D8C-847E-1225-95D41B4DEF4D}"
EndProject
Project("{FAE04EC0-301F-11D3-BF4B-00C04F79EFBC}") = "EmployeePerformance.Web", "src\Web\EmployeePerformance.Web\EmployeePerformance.Web.csproj", "{7DAB458E-35CC-C2D2-E8B9-F36725D1601E}"
EndProject
Project("{FAE04EC0-301F-11D3-BF4B-00C04F79EFBC}") = "EmployeePerformance.AppHost", "src\EmployeePerformance.AppHost\EmployeePerformance.AppHost.csproj", "{190AFFDA-5312-1CDD-C989-153EE63F75C6}"
EndProject
Project("{FAE04EC0-301F-11D3-BF4B-00C04F79EFBC}") = "EmployeePerformance.ServiceDefaults", "src\BuildingBlocks\EmployeePerformance.ServiceDefaults\EmployeePerformance.ServiceDefaults.csproj", "{20772F14-388E-156B-2B5D-0F248BE0D19E}"
EndProject
Project("{FAE04EC0-301F-11D3-BF4B-00C04F79EFBC}") = "Gateway.API", "src\Services\Gateway\Gateway.API\Gateway.API.csproj", "{B7542366-A721-766F-F184-239058159E82}"
EndProject
Project("{FAE04EC0-301F-11D3-BF4B-00C04F79EFBC}") = "Gateway.Tests", "src\Services\Gateway\Gateway.Tests\Gateway.Tests.csproj", "{B733A52C-D56E-E43F-5BFD-16824A7E2717}"
EndProject
Project("{FAE04EC0-301F-11D3-BF4B-00C04F79EFBC}") = "Identity.API", "src\Services\Identity\Identity.API\Identity.API.csproj", "{2C90F36D-68FF-A8F5-B7B3-7BBC0CFE077E}"
EndProject
Project("{FAE04EC0-301F-11D3-BF4B-00C04F79EFBC}") = "Identity.Application", "src\Services\Identity\Identity.Application\Identity.Application.csproj", "{9B372D30-901D-CD91-CEAD-AAA1D4CF0211}"
EndProject
Project("{FAE04EC0-301F-11D3-BF4B-00C04F79EFBC}") = "Identity.Domain", "src\Services\Identity\Identity.Domain\Identity.Domain.csproj", "{09AD7502-E1A1-B640-A906-6AFCC638950D}"
EndProject
Project("{FAE04EC0-301F-11D3-BF4B-00C04F79EFBC}") = "Identity.Infrastructure", "src\Services\Identity\Identity.Infrastructure\Identity.Infrastructure.csproj", "{054C9033-A76E-B9DA-F9D8-A068699F08E3}"
EndProject
Project("{FAE04EC0-301F-11D3-BF4B-00C04F79EFBC}") = "Identity.Tests", "src\Services\Identity\Identity.Tests\Identity.Tests.csproj", "{9CE60C6E-00FA-DE1E-94F1-1861B5BDE5F8}"
EndProject
Project("{FAE04EC0-301F-11D3-BF4B-00C04F79EFBC}") = "Notification.API", "src\Services\Notification\Notification.API\Notification.API.csproj", "{7AC8279A-2D27-2B0A-4639-E8070E8CB2E3}"
EndProject
Project("{FAE04EC0-301F-11D3-BF4B-00C04F79EFBC}") = "Notification.Application", "src\Services\Notification\Notification.Application\Notification.Application.csproj", "{F1E99AA4-1544-3E0B-85B8-BEB262671C97}"
EndProject
Project("{FAE04EC0-301F-11D3-BF4B-00C04F79EFBC}") = "Notification.Domain", "src\Services\Notification\Notification.Domain\Notification.Domain.csproj", "{B5361606-FF55-7340-71A5-12B5AD5F4C55}"
EndProject
Project("{FAE04EC0-301F-11D3-BF4B-00C04F79EFBC}") = "Notification.Infrastructure", "src\Services\Notification\Notification.Infrastructure\Notification.Infrastructure.csproj", "{3369DEB4-A694-FB49-DFD1-1344E4B009E1}"
EndProject
Project("{FAE04EC0-301F-11D3-BF4B-00C04F79EFBC}") = "Notification.Tests", "src\Services\Notification\Notification.Tests\Notification.Tests.csproj", "{6CAB3BEC-0D24-0CE1-120A-87F678A38AAD}"
EndProject
Project("{FAE04EC0-301F-11D3-BF4B-00C04F79EFBC}") = "Performance.API", "src\Services\Performance\Performance.API\Performance.API.csproj", "{8AF59411-EF67-7C12-7F8E-9DDAAC205328}"
EndProject
Project("{FAE04EC0-301F-11D3-BF4B-00C04F79EFBC}") = "Performance.Application", "src\Services\Performance\Performance.Application\Performance.Application.csproj", "{46C2A599-293C-39A1-01B5-DE2F23C23B7F}"
EndProject
Project("{FAE04EC0-301F-11D3-BF4B-00C04F79EFBC}") = "Performance.Domain", "src\Services\Performance\Performance.Domain\Performance.Domain.csproj", "{E53666B6-BB39-C439-54A5-2EE4ED5871FD}"
EndProject
Project("{FAE04EC0-301F-11D3-BF4B-00C04F79EFBC}") = "Performance.Infrastructure", "src\Services\Performance\Performance.Infrastructure\Performance.Infrastructure.csproj", "{1C9B9ECA-8347-B368-D7DF-DED8EF5D6514}"
EndProject
Project("{FAE04EC0-301F-11D3-BF4B-00C04F79EFBC}") = "Performance.Tests", "src\Services\Performance\Performance.Tests\Performance.Tests.csproj", "{EA677265-A604-32A7-E6C2-B518A9F09650}"
EndProject
Project("{FAE04EC0-301F-11D3-BF4B-00C04F79EFBC}") = "Reporting.API", "src\Services\Reporting\Reporting.API\Reporting.API.csproj", "{62E379F4-4C50-BE90-1A29-050F65029074}"
EndProject
Project("{FAE04EC0-301F-11D3-BF4B-00C04F79EFBC}") = "Reporting.Application", "src\Services\Reporting\Reporting.Application\Reporting.Application.csproj", "{7A4B90A9-A39B-C34B-065F-65A6460C2DA9}"
EndProject
Project("{FAE04EC0-301F-11D3-BF4B-00C04F79EFBC}") = "Reporting.Domain", "src\Services\Reporting\Reporting.Domain\Reporting.Domain.csproj", "{38B3C2E5-BB7E-8B4E-4883-D1C20CC3F32C}"
EndProject
Project("{FAE04EC0-301F-11D3-BF4B-00C04F79EFBC}") = "Reporting.Infrastructure", "src\Services\Reporting\Reporting.Infrastructure\Reporting.Infrastructure.csproj", "{6B2A4358-0995-5681-F91A-E4EBDBA27176}"
EndProject
Project("{FAE04EC0-301F-11D3-BF4B-00C04F79EFBC}") = "Reporting.Tests", "src\Services\Reporting\Reporting.Tests\Reporting.Tests.csproj", "{25757D6B-C28B-35BC-5D6C-6B06CC950A8B}"
EndProject
Project("{FAE04EC0-301F-11D3-BF4B-00C04F79EFBC}") = "Training.API", "src\Services\Training\Training.API\Training.API.csproj", "{DBF9ED39-2D4A-EFD7-DBD9-ACF508A022AB}"
EndProject
Project("{FAE04EC0-301F-11D3-BF4B-00C04F79EFBC}") = "Training.Application", "src\Services\Training\Training.Application\Training.Application.csproj", "{30173CEE-31A0-3311-84EC-EB889633D852}"
EndProject
Project("{FAE04EC0-301F-11D3-BF4B-00C04F79EFBC}") = "Training.Domain", "src\Services\Training\Training.Domain\Training.Domain.csproj", "{B51D51CF-4131-96D1-6E70-C7E9C1798B4A}"
EndProject
Project("{FAE04EC0-301F-11D3-BF4B-00C04F79EFBC}") = "Training.Infrastructure", "src\Services\Training\Training.Infrastructure\Training.Infrastructure.csproj", "{62C9CC7B-7F54-56FE-AEA5-44D4AD27B173}"
EndProject
Project("{FAE04EC0-301F-11D3-BF4B-00C04F79EFBC}") = "Training.Tests", "src\Services\Training\Training.Tests\Training.Tests.csproj", "{C3F159F3-D908-958D-BA32-318827FD438E}"
EndProject
Project("{FAE04EC0-301F-11D3-BF4B-00C04F79EFBC}") = "BuildingBlocks.CommonLibrary", "src\BuildingBlocks\BuildingBlocks.CommonLibrary\BuildingBlocks.CommonLibrary.csproj", "{DEFEB957-C8BA-48F4-8DD2-02B29EFDFC8D}"
EndProject
Project("{FAE04EC0-301F-11D3-BF4B-00C04F79EFBC}") = "BuildingBlocks.EventBus", "src\BuildingBlocks\BuildingBlocks.EventBus\BuildingBlocks.EventBus.csproj", "{8BA11365-C1D2-40D5-89A8-629A36F1C453}"
EndProject
Project("{FAE04EC0-301F-11D3-BF4B-00C04F79EFBC}") = "BuildingBlocks.Contracts", "src\BuildingBlocks\BuildingBlocks.Contracts\BuildingBlocks.Contracts.csproj", "{1BAD8C00-F350-449B-ABBA-899CA1B934DF}"
EndProject
Global
	GlobalSection(SolutionConfigurationPlatforms) = preSolution
		Debug|Any CPU = Debug|Any CPU
		Release|Any CPU = Release|Any CPU
	EndGlobalSection
	GlobalSection(ProjectConfigurationPlatforms) = postSolution
		{135316BB-0319-39B9-3FDC-B7FC9FEDBAB3}.Debug|Any CPU.ActiveCfg = Debug|Any CPU
		{135316BB-0319-39B9-3FDC-B7FC9FEDBAB3}.Debug|Any CPU.Build.0 = Debug|Any CPU
		{135316BB-0319-39B9-3FDC-B7FC9FEDBAB3}.Release|Any CPU.ActiveCfg = Release|Any CPU
		{135316BB-0319-39B9-3FDC-B7FC9FEDBAB3}.Release|Any CPU.Build.0 = Release|Any CPU
		{076D36F8-19F1-719C-3CE8-65F6F10C3219}.Debug|Any CPU.ActiveCfg = Debug|Any CPU
		{076D36F8-19F1-719C-3CE8-65F6F10C3219}.Debug|Any CPU.Build.0 = Debug|Any CPU
		{076D36F8-19F1-719C-3CE8-65F6F10C3219}.Release|Any CPU.ActiveCfg = Release|Any CPU
		{076D36F8-19F1-719C-3CE8-65F6F10C3219}.Release|Any CPU.Build.0 = Release|Any CPU
		{7DF614FD-B152-FAEB-F599-E1C138F7E59A}.Debug|Any CPU.ActiveCfg = Debug|Any CPU
		{7DF614FD-B152-FAEB-F599-E1C138F7E59A}.Debug|Any CPU.Build.0 = Debug|Any CPU
		{7DF614FD-B152-FAEB-F599-E1C138F7E59A}.Release|Any CPU.ActiveCfg = Release|Any CPU
		{7DF614FD-B152-FAEB-F599-E1C138F7E59A}.Release|Any CPU.Build.0 = Release|Any CPU
		{ED579F01-9E02-E6DA-B1B6-CA82406EA66D}.Debug|Any CPU.ActiveCfg = Debug|Any CPU
		{ED579F01-9E02-E6DA-B1B6-CA82406EA66D}.Debug|Any CPU.Build.0 = Debug|Any CPU
		{ED579F01-9E02-E6DA-B1B6-CA82406EA66D}.Release|Any CPU.ActiveCfg = Release|Any CPU
		{ED579F01-9E02-E6DA-B1B6-CA82406EA66D}.Release|Any CPU.Build.0 = Release|Any CPU
		{F268265A-12B8-8E8F-737D-FEDAB40D7123}.Debug|Any CPU.ActiveCfg = Debug|Any CPU
		{F268265A-12B8-8E8F-737D-FEDAB40D7123}.Debug|Any CPU.Build.0 = Debug|Any CPU
		{F268265A-12B8-8E8F-737D-FEDAB40D7123}.Release|Any CPU.ActiveCfg = Release|Any CPU
		{F268265A-12B8-8E8F-737D-FEDAB40D7123}.Release|Any CPU.Build.0 = Release|Any CPU
		{4C29D5F4-AACA-D7B3-11BB-360887C5A050}.Debug|Any CPU.ActiveCfg = Debug|Any CPU
		{4C29D5F4-AACA-D7B3-11BB-360887C5A050}.Debug|Any CPU.Build.0 = Debug|Any CPU
		{4C29D5F4-AACA-D7B3-11BB-360887C5A050}.Release|Any CPU.ActiveCfg = Release|Any CPU
		{4C29D5F4-AACA-D7B3-11BB-360887C5A050}.Release|Any CPU.Build.0 = Release|Any CPU
		{0E5BC3C9-F502-B07D-5C65-85DEC6500F53}.Debug|Any CPU.ActiveCfg = Debug|Any CPU
		{0E5BC3C9-F502-B07D-5C65-85DEC6500F53}.Debug|Any CPU.Build.0 = Debug|Any CPU
		{0E5BC3C9-F502-B07D-5C65-85DEC6500F53}.Release|Any CPU.ActiveCfg = Release|Any CPU
		{0E5BC3C9-F502-B07D-5C65-85DEC6500F53}.Release|Any CPU.Build.0 = Release|Any CPU
		{82F44E04-3228-D816-F5A6-BD93D893F1BB}.Debug|Any CPU.ActiveCfg = Debug|Any CPU
		{82F44E04-3228-D816-F5A6-BD93D893F1BB}.Debug|Any CPU.Build.0 = Debug|Any CPU
		{82F44E04-3228-D816-F5A6-BD93D893F1BB}.Release|Any CPU.ActiveCfg = Release|Any CPU
		{82F44E04-3228-D816-F5A6-BD93D893F1BB}.Release|Any CPU.Build.0 = Release|Any CPU
		{2F8FF272-D789-A1A4-DBB6-6FF490BCBB73}.Debug|Any CPU.ActiveCfg = Debug|Any CPU
		{2F8FF272-D789-A1A4-DBB6-6FF490BCBB73}.Debug|Any CPU.Build.0 = Debug|Any CPU
		{2F8FF272-D789-A1A4-DBB6-6FF490BCBB73}.Release|Any CPU.ActiveCfg = Release|Any CPU
		{2F8FF272-D789-A1A4-DBB6-6FF490BCBB73}.Release|Any CPU.Build.0 = Release|Any CPU
		{F852E12D-5D8C-847E-1225-95D41B4DEF4D}.Debug|Any CPU.ActiveCfg = Debug|Any CPU
		{F852E12D-5D8C-847E-1225-95D41B4DEF4D}.Debug|Any CPU.Build.0 = Debug|Any CPU
		{F852E12D-5D8C-847E-1225-95D41B4DEF4D}.Release|Any CPU.ActiveCfg = Release|Any CPU
		{F852E12D-5D8C-847E-1225-95D41B4DEF4D}.Release|Any CPU.Build.0 = Release|Any CPU
		{7DAB458E-35CC-C2D2-E8B9-F36725D1601E}.Debug|Any CPU.ActiveCfg = Debug|Any CPU
		{7DAB458E-35CC-C2D2-E8B9-F36725D1601E}.Debug|Any CPU.Build.0 = Debug|Any CPU
		{7DAB458E-35CC-C2D2-E8B9-F36725D1601E}.Release|Any CPU.ActiveCfg = Release|Any CPU
		{7DAB458E-35CC-C2D2-E8B9-F36725D1601E}.Release|Any CPU.Build.0 = Release|Any CPU
		{190AFFDA-5312-1CDD-C989-153EE63F75C6}.Debug|Any CPU.ActiveCfg = Debug|Any CPU
		{190AFFDA-5312-1CDD-C989-153EE63F75C6}.Debug|Any CPU.Build.0 = Debug|Any CPU
		{190AFFDA-5312-1CDD-C989-153EE63F75C6}.Release|Any CPU.ActiveCfg = Release|Any CPU
		{190AFFDA-5312-1CDD-C989-153EE63F75C6}.Release|Any CPU.Build.0 = Release|Any CPU
		{20772F14-388E-156B-2B5D-0F248BE0D19E}.Debug|Any CPU.ActiveCfg = Debug|Any CPU
		{20772F14-388E-156B-2B5D-0F248BE0D19E}.Debug|Any CPU.Build.0 = Debug|Any CPU
		{20772F14-388E-156B-2B5D-0F248BE0D19E}.Release|Any CPU.ActiveCfg = Release|Any CPU
		{20772F14-388E-156B-2B5D-0F248BE0D19E}.Release|Any CPU.Build.0 = Release|Any CPU
		{B7542366-A721-766F-F184-239058159E82}.Debug|Any CPU.ActiveCfg = Debug|Any CPU
		{B7542366-A721-766F-F184-239058159E82}.Debug|Any CPU.Build.0 = Debug|Any CPU
		{B7542366-A721-766F-F184-239058159E82}.Release|Any CPU.ActiveCfg = Release|Any CPU
		{B7542366-A721-766F-F184-239058159E82}.Release|Any CPU.Build.0 = Release|Any CPU
		{B733A52C-D56E-E43F-5BFD-16824A7E2717}.Debug|Any CPU.ActiveCfg = Debug|Any CPU
		{B733A52C-D56E-E43F-5BFD-16824A7E2717}.Debug|Any CPU.Build.0 = Debug|Any CPU
		{B733A52C-D56E-E43F-5BFD-16824A7E2717}.Release|Any CPU.ActiveCfg = Release|Any CPU
		{B733A52C-D56E-E43F-5BFD-16824A7E2717}.Release|Any CPU.Build.0 = Release|Any CPU
		{2C90F36D-68FF-A8F5-B7B3-7BBC0CFE077E}.Debug|Any CPU.ActiveCfg = Debug|Any CPU
		{2C90F36D-68FF-A8F5-B7B3-7BBC0CFE077E}.Debug|Any CPU.Build.0 = Debug|Any CPU
		{2C90F36D-68FF-A8F5-B7B3-7BBC0CFE077E}.Release|Any CPU.ActiveCfg = Release|Any CPU
		{2C90F36D-68FF-A8F5-B7B3-7BBC0CFE077E}.Release|Any CPU.Build.0 = Release|Any CPU
		{9B372D30-901D-CD91-CEAD-AAA1D4CF0211}.Debug|Any CPU.ActiveCfg = Debug|Any CPU
		{9B372D30-901D-CD91-CEAD-AAA1D4CF0211}.Debug|Any CPU.Build.0 = Debug|Any CPU
		{9B372D30-901D-CD91-CEAD-AAA1D4CF0211}.Release|Any CPU.ActiveCfg = Release|Any CPU
		{9B372D30-901D-CD91-CEAD-AAA1D4CF0211}.Release|Any CPU.Build.0 = Release|Any CPU
		{09AD7502-E1A1-B640-A906-6AFCC638950D}.Debug|Any CPU.ActiveCfg = Debug|Any CPU
		{09AD7502-E1A1-B640-A906-6AFCC638950D}.Debug|Any CPU.Build.0 = Debug|Any CPU
		{09AD7502-E1A1-B640-A906-6AFCC638950D}.Release|Any CPU.ActiveCfg = Release|Any CPU
		{09AD7502-E1A1-B640-A906-6AFCC638950D}.Release|Any CPU.Build.0 = Release|Any CPU
		{054C9033-A76E-B9DA-F9D8-A068699F08E3}.Debug|Any CPU.ActiveCfg = Debug|Any CPU
		{054C9033-A76E-B9DA-F9D8-A068699F08E3}.Debug|Any CPU.Build.0 = Debug|Any CPU
		{054C9033-A76E-B9DA-F9D8-A068699F08E3}.Release|Any CPU.ActiveCfg = Release|Any CPU
		{054C9033-A76E-B9DA-F9D8-A068699F08E3}.Release|Any CPU.Build.0 = Release|Any CPU
		{9CE60C6E-00FA-DE1E-94F1-1861B5BDE5F8}.Debug|Any CPU.ActiveCfg = Debug|Any CPU
		{9CE60C6E-00FA-DE1E-94F1-1861B5BDE5F8}.Debug|Any CPU.Build.0 = Debug|Any CPU
		{9CE60C6E-00FA-DE1E-94F1-1861B5BDE5F8}.Release|Any CPU.ActiveCfg = Release|Any CPU
		{9CE60C6E-00FA-DE1E-94F1-1861B5BDE5F8}.Release|Any CPU.Build.0 = Release|Any CPU
		{7AC8279A-2D27-2B0A-4639-E8070E8CB2E3}.Debug|Any CPU.ActiveCfg = Debug|Any CPU
		{7AC8279A-2D27-2B0A-4639-E8070E8CB2E3}.Debug|Any CPU.Build.0 = Debug|Any CPU
		{7AC8279A-2D27-2B0A-4639-E8070E8CB2E3}.Release|Any CPU.ActiveCfg = Release|Any CPU
		{7AC8279A-2D27-2B0A-4639-E8070E8CB2E3}.Release|Any CPU.Build.0 = Release|Any CPU
		{F1E99AA4-1544-3E0B-85B8-BEB262671C97}.Debug|Any CPU.ActiveCfg = Debug|Any CPU
		{F1E99AA4-1544-3E0B-85B8-BEB262671C97}.Debug|Any CPU.Build.0 = Debug|Any CPU
		{F1E99AA4-1544-3E0B-85B8-BEB262671C97}.Release|Any CPU.ActiveCfg = Release|Any CPU
		{F1E99AA4-1544-3E0B-85B8-BEB262671C97}.Release|Any CPU.Build.0 = Release|Any CPU
		{B5361606-FF55-7340-71A5-12B5AD5F4C55}.Debug|Any CPU.ActiveCfg = Debug|Any CPU
		{B5361606-FF55-7340-71A5-12B5AD5F4C55}.Debug|Any CPU.Build.0 = Debug|Any CPU
		{B5361606-FF55-7340-71A5-12B5AD5F4C55}.Release|Any CPU.ActiveCfg = Release|Any CPU
		{B5361606-FF55-7340-71A5-12B5AD5F4C55}.Release|Any CPU.Build.0 = Release|Any CPU
		{3369DEB4-A694-FB49-DFD1-1344E4B009E1}.Debug|Any CPU.ActiveCfg = Debug|Any CPU
		{3369DEB4-A694-FB49-DFD1-1344E4B009E1}.Debug|Any CPU.Build.0 = Debug|Any CPU
		{3369DEB4-A694-FB49-DFD1-1344E4B009E1}.Release|Any CPU.ActiveCfg = Release|Any CPU
		{3369DEB4-A694-FB49-DFD1-1344E4B009E1}.Release|Any CPU.Build.0 = Release|Any CPU
		{6CAB3BEC-0D24-0CE1-120A-87F678A38AAD}.Debug|Any CPU.ActiveCfg = Debug|Any CPU
		{6CAB3BEC-0D24-0CE1-120A-87F678A38AAD}.Debug|Any CPU.Build.0 = Debug|Any CPU
		{6CAB3BEC-0D24-0CE1-120A-87F678A38AAD}.Release|Any CPU.ActiveCfg = Release|Any CPU
		{6CAB3BEC-0D24-0CE1-120A-87F678A38AAD}.Release|Any CPU.Build.0 = Release|Any CPU
		{8AF59411-EF67-7C12-7F8E-9DDAAC205328}.Debug|Any CPU.ActiveCfg = Debug|Any CPU
		{8AF59411-EF67-7C12-7F8E-9DDAAC205328}.Debug|Any CPU.Build.0 = Debug|Any CPU
		{8AF59411-EF67-7C12-7F8E-9DDAAC205328}.Release|Any CPU.ActiveCfg = Release|Any CPU
		{8AF59411-EF67-7C12-7F8E-9DDAAC205328}.Release|Any CPU.Build.0 = Release|Any CPU
		{46C2A599-293C-39A1-01B5-DE2F23C23B7F}.Debug|Any CPU.ActiveCfg = Debug|Any CPU
		{46C2A599-293C-39A1-01B5-DE2F23C23B7F}.Debug|Any CPU.Build.0 = Debug|Any CPU
		{46C2A599-293C-39A1-01B5-DE2F23C23B7F}.Release|Any CPU.ActiveCfg = Release|Any CPU
		{46C2A599-293C-39A1-01B5-DE2F23C23B7F}.Release|Any CPU.Build.0 = Release|Any CPU
		{E53666B6-BB39-C439-54A5-2EE4ED5871FD}.Debug|Any CPU.ActiveCfg = Debug|Any CPU
		{E53666B6-BB39-C439-54A5-2EE4ED5871FD}.Debug|Any CPU.Build.0 = Debug|Any CPU
		{E53666B6-BB39-C439-54A5-2EE4ED5871FD}.Release|Any CPU.ActiveCfg = Release|Any CPU
		{E53666B6-BB39-C439-54A5-2EE4ED5871FD}.Release|Any CPU.Build.0 = Release|Any CPU
		{1C9B9ECA-8347-B368-D7DF-DED8EF5D6514}.Debug|Any CPU.ActiveCfg = Debug|Any CPU
		{1C9B9ECA-8347-B368-D7DF-DED8EF5D6514}.Debug|Any CPU.Build.0 = Debug|Any CPU
		{1C9B9ECA-8347-B368-D7DF-DED8EF5D6514}.Release|Any CPU.ActiveCfg = Release|Any CPU
		{1C9B9ECA-8347-B368-D7DF-DED8EF5D6514}.Release|Any CPU.Build.0 = Release|Any CPU
		{EA677265-A604-32A7-E6C2-B518A9F09650}.Debug|Any CPU.ActiveCfg = Debug|Any CPU
		{EA677265-A604-32A7-E6C2-B518A9F09650}.Debug|Any CPU.Build.0 = Debug|Any CPU
		{EA677265-A604-32A7-E6C2-B518A9F09650}.Release|Any CPU.ActiveCfg = Release|Any CPU
		{EA677265-A604-32A7-E6C2-B518A9F09650}.Release|Any CPU.Build.0 = Release|Any CPU
		{62E379F4-4C50-BE90-1A29-050F65029074}.Debug|Any CPU.ActiveCfg = Debug|Any CPU
		{62E379F4-4C50-BE90-1A29-050F65029074}.Debug|Any CPU.Build.0 = Debug|Any CPU
		{62E379F4-4C50-BE90-1A29-050F65029074}.Release|Any CPU.ActiveCfg = Release|Any CPU
		{62E379F4-4C50-BE90-1A29-050F65029074}.Release|Any CPU.Build.0 = Release|Any CPU
		{7A4B90A9-A39B-C34B-065F-65A6460C2DA9}.Debug|Any CPU.ActiveCfg = Debug|Any CPU
		{7A4B90A9-A39B-C34B-065F-65A6460C2DA9}.Debug|Any CPU.Build.0 = Debug|Any CPU
		{7A4B90A9-A39B-C34B-065F-65A6460C2DA9}.Release|Any CPU.ActiveCfg = Release|Any CPU
		{7A4B90A9-A39B-C34B-065F-65A6460C2DA9}.Release|Any CPU.Build.0 = Release|Any CPU
		{38B3C2E5-BB7E-8B4E-4883-D1C20CC3F32C}.Debug|Any CPU.ActiveCfg = Debug|Any CPU
		{38B3C2E5-BB7E-8B4E-4883-D1C20CC3F32C}.Debug|Any CPU.Build.0 = Debug|Any CPU
		{38B3C2E5-BB7E-8B4E-4883-D1C20CC3F32C}.Release|Any CPU.ActiveCfg = Release|Any CPU
		{38B3C2E5-BB7E-8B4E-4883-D1C20CC3F32C}.Release|Any CPU.Build.0 = Release|Any CPU
		{6B2A4358-0995-5681-F91A-E4EBDBA27176}.Debug|Any CPU.ActiveCfg = Debug|Any CPU
		{6B2A4358-0995-5681-F91A-E4EBDBA27176}.Debug|Any CPU.Build.0 = Debug|Any CPU
		{6B2A4358-0995-5681-F91A-E4EBDBA27176}.Release|Any CPU.ActiveCfg = Release|Any CPU
		{6B2A4358-0995-5681-F91A-E4EBDBA27176}.Release|Any CPU.Build.0 = Release|Any CPU
		{25757D6B-C28B-35BC-5D6C-6B06CC950A8B}.Debug|Any CPU.ActiveCfg = Debug|Any CPU
		{25757D6B-C28B-35BC-5D6C-6B06CC950A8B}.Debug|Any CPU.Build.0 = Debug|Any CPU
		{25757D6B-C28B-35BC-5D6C-6B06CC950A8B}.Release|Any CPU.ActiveCfg = Release|Any CPU
		{25757D6B-C28B-35BC-5D6C-6B06CC950A8B}.Release|Any CPU.Build.0 = Release|Any CPU
		{DBF9ED39-2D4A-EFD7-DBD9-ACF508A022AB}.Debug|Any CPU.ActiveCfg = Debug|Any CPU
		{DBF9ED39-2D4A-EFD7-DBD9-ACF508A022AB}.Debug|Any CPU.Build.0 = Debug|Any CPU
		{DBF9ED39-2D4A-EFD7-DBD9-ACF508A022AB}.Release|Any CPU.ActiveCfg = Release|Any CPU
		{DBF9ED39-2D4A-EFD7-DBD9-ACF508A022AB}.Release|Any CPU.Build.0 = Release|Any CPU
		{30173CEE-31A0-3311-84EC-EB889633D852}.Debug|Any CPU.ActiveCfg = Debug|Any CPU
		{30173CEE-31A0-3311-84EC-EB889633D852}.Debug|Any CPU.Build.0 = Debug|Any CPU
		{30173CEE-31A0-3311-84EC-EB889633D852}.Release|Any CPU.ActiveCfg = Release|Any CPU
		{30173CEE-31A0-3311-84EC-EB889633D852}.Release|Any CPU.Build.0 = Release|Any CPU
		{B51D51CF-4131-96D1-6E70-C7E9C1798B4A}.Debug|Any CPU.ActiveCfg = Debug|Any CPU
		{B51D51CF-4131-96D1-6E70-C7E9C1798B4A}.Debug|Any CPU.Build.0 = Debug|Any CPU
		{B51D51CF-4131-96D1-6E70-C7E9C1798B4A}.Release|Any CPU.ActiveCfg = Release|Any CPU
		{B51D51CF-4131-96D1-6E70-C7E9C1798B4A}.Release|Any CPU.Build.0 = Release|Any CPU
		{62C9CC7B-7F54-56FE-AEA5-44D4AD27B173}.Debug|Any CPU.ActiveCfg = Debug|Any CPU
		{62C9CC7B-7F54-56FE-AEA5-44D4AD27B173}.Debug|Any CPU.Build.0 = Debug|Any CPU
		{62C9CC7B-7F54-56FE-AEA5-44D4AD27B173}.Release|Any CPU.ActiveCfg = Release|Any CPU
		{62C9CC7B-7F54-56FE-AEA5-44D4AD27B173}.Release|Any CPU.Build.0 = Release|Any CPU
		{C3F159F3-D908-958D-BA32-318827FD438E}.Debug|Any CPU.ActiveCfg = Debug|Any CPU
		{C3F159F3-D908-958D-BA32-318827FD438E}.Debug|Any CPU.Build.0 = Debug|Any CPU
		{C3F159F3-D908-958D-BA32-318827FD438E}.Release|Any CPU.ActiveCfg = Release|Any CPU
		{C3F159F3-D908-958D-BA32-318827FD438E}.Release|Any CPU.Build.0 = Release|Any CPU
		{DEFEB957-C8BA-48F4-8DD2-02B29EFDFC8D}.Debug|Any CPU.ActiveCfg = Debug|Any CPU
		{DEFEB957-C8BA-48F4-8DD2-02B29EFDFC8D}.Debug|Any CPU.Build.0 = Debug|Any CPU
		{DEFEB957-C8BA-48F4-8DD2-02B29EFDFC8D}.Release|Any CPU.ActiveCfg = Release|Any CPU
		{DEFEB957-C8BA-48F4-8DD2-02B29EFDFC8D}.Release|Any CPU.Build.0 = Release|Any CPU
		{8BA11365-C1D2-40D5-89A8-629A36F1C453}.Debug|Any CPU.ActiveCfg = Debug|Any CPU
		{8BA11365-C1D2-40D5-89A8-629A36F1C453}.Debug|Any CPU.Build.0 = Debug|Any CPU
		{8BA11365-C1D2-40D5-89A8-629A36F1C453}.Release|Any CPU.ActiveCfg = Release|Any CPU
		{8BA11365-C1D2-40D5-89A8-629A36F1C453}.Release|Any CPU.Build.0 = Release|Any CPU
		{1BAD8C00-F350-449B-ABBA-899CA1B934DF}.Debug|Any CPU.ActiveCfg = Debug|Any CPU
		{1BAD8C00-F350-449B-ABBA-899CA1B934DF}.Debug|Any CPU.Build.0 = Debug|Any CPU
		{1BAD8C00-F350-449B-ABBA-899CA1B934DF}.Release|Any CPU.ActiveCfg = Release|Any CPU
		{1BAD8C00-F350-449B-ABBA-899CA1B934DF}.Release|Any CPU.Build.0 = Release|Any CPU
	EndGlobalSection
	GlobalSection(SolutionProperties) = preSolution
		HideSolutionNode = FALSE
	EndGlobalSection
	GlobalSection(NestedProjects) = preSolution
		{BC6FD553-9A46-4507-8910-9015989148AE} = {59FC77CF-F93B-4E6B-9B5D-6220698D97B2}
		{974E5ABF-F5CA-498E-92CD-4098C02C7B97} = {59FC77CF-F93B-4E6B-9B5D-6220698D97B2}
		{6F13BAF3-8E00-45A9-A28F-A4B337329AFF} = {59FC77CF-F93B-4E6B-9B5D-6220698D97B2}
		{47EC405B-D8E8-4D54-9836-9AC8FF298EB5} = {974E5ABF-F5CA-498E-92CD-4098C02C7B97}
		{68CD52CF-C70B-412A-AD87-4EE13B4929B6} = {974E5ABF-F5CA-498E-92CD-4098C02C7B97}
		{606BC271-1324-4B79-86D6-3BF1A96852E8} = {974E5ABF-F5CA-498E-92CD-4098C02C7B97}
		{F53F2DD6-643C-4355-9A48-1825ACC1E073} = {974E5ABF-F5CA-498E-92CD-4098C02C7B97}
		{ACCF35F6-7613-4529-B534-98641516DFD8} = {974E5ABF-F5CA-498E-92CD-4098C02C7B97}
		{46789DAC-A98F-4462-94FE-D6FA02B7918E} = {974E5ABF-F5CA-498E-92CD-4098C02C7B97}
		{00AA072D-B5C8-425B-956B-05DD21128C63} = {974E5ABF-F5CA-498E-92CD-4098C02C7B97}
		{8AED6039-FFF7-48BE-A7EA-30377543AD0B} = {974E5ABF-F5CA-498E-92CD-4098C02C7B97}
		{135316BB-0319-39B9-3FDC-B7FC9FEDBAB3} = {47EC405B-D8E8-4D54-9836-9AC8FF298EB5}
		{076D36F8-19F1-719C-3CE8-65F6F10C3219} = {47EC405B-D8E8-4D54-9836-9AC8FF298EB5}
		{7DF614FD-B152-FAEB-F599-E1C138F7E59A} = {47EC405B-D8E8-4D54-9836-9AC8FF298EB5}
		{ED579F01-9E02-E6DA-B1B6-CA82406EA66D} = {47EC405B-D8E8-4D54-9836-9AC8FF298EB5}
		{F268265A-12B8-8E8F-737D-FEDAB40D7123} = {47EC405B-D8E8-4D54-9836-9AC8FF298EB5}
		{4C29D5F4-AACA-D7B3-11BB-360887C5A050} = {68CD52CF-C70B-412A-AD87-4EE13B4929B6}
		{0E5BC3C9-F502-B07D-5C65-85DEC6500F53} = {68CD52CF-C70B-412A-AD87-4EE13B4929B6}
		{82F44E04-3228-D816-F5A6-BD93D893F1BB} = {68CD52CF-C70B-412A-AD87-4EE13B4929B6}
		{2F8FF272-D789-A1A4-DBB6-6FF490BCBB73} = {68CD52CF-C70B-412A-AD87-4EE13B4929B6}
		{F852E12D-5D8C-847E-1225-95D41B4DEF4D} = {68CD52CF-C70B-412A-AD87-4EE13B4929B6}
		{7DAB458E-35CC-C2D2-E8B9-F36725D1601E} = {6F13BAF3-8E00-45A9-A28F-A4B337329AFF}
		{190AFFDA-5312-1CDD-C989-153EE63F75C6} = {59FC77CF-F93B-4E6B-9B5D-6220698D97B2}
		{20772F14-388E-156B-2B5D-0F248BE0D19E} = {BC6FD553-9A46-4507-8910-9015989148AE}
		{B7542366-A721-766F-F184-239058159E82} = {606BC271-1324-4B79-86D6-3BF1A96852E8}
		{B733A52C-D56E-E43F-5BFD-16824A7E2717} = {606BC271-1324-4B79-86D6-3BF1A96852E8}
		{2C90F36D-68FF-A8F5-B7B3-7BBC0CFE077E} = {F53F2DD6-643C-4355-9A48-1825ACC1E073}
		{9B372D30-901D-CD91-CEAD-AAA1D4CF0211} = {F53F2DD6-643C-4355-9A48-1825ACC1E073}
		{09AD7502-E1A1-B640-A906-6AFCC638950D} = {F53F2DD6-643C-4355-9A48-1825ACC1E073}
		{054C9033-A76E-B9DA-F9D8-A068699F08E3} = {F53F2DD6-643C-4355-9A48-1825ACC1E073}
		{9CE60C6E-00FA-DE1E-94F1-1861B5BDE5F8} = {F53F2DD6-643C-4355-9A48-1825ACC1E073}
		{7AC8279A-2D27-2B0A-4639-E8070E8CB2E3} = {ACCF35F6-7613-4529-B534-98641516DFD8}
		{F1E99AA4-1544-3E0B-85B8-BEB262671C97} = {ACCF35F6-7613-4529-B534-98641516DFD8}
		{B5361606-FF55-7340-71A5-12B5AD5F4C55} = {ACCF35F6-7613-4529-B534-98641516DFD8}
		{3369DEB4-A694-FB49-DFD1-1344E4B009E1} = {ACCF35F6-7613-4529-B534-98641516DFD8}
		{6CAB3BEC-0D24-0CE1-120A-87F678A38AAD} = {ACCF35F6-7613-4529-B534-98641516DFD8}
		{8AF59411-EF67-7C12-7F8E-9DDAAC205328} = {46789DAC-A98F-4462-94FE-D6FA02B7918E}
		{46C2A599-293C-39A1-01B5-DE2F23C23B7F} = {46789DAC-A98F-4462-94FE-D6FA02B7918E}
		{E53666B6-BB39-C439-54A5-2EE4ED5871FD} = {46789DAC-A98F-4462-94FE-D6FA02B7918E}
		{1C9B9ECA-8347-B368-D7DF-DED8EF5D6514} = {46789DAC-A98F-4462-94FE-D6FA02B7918E}
		{EA677265-A604-32A7-E6C2-B518A9F09650} = {46789DAC-A98F-4462-94FE-D6FA02B7918E}
		{62E379F4-4C50-BE90-1A29-050F65029074} = {00AA072D-B5C8-425B-956B-05DD21128C63}
		{7A4B90A9-A39B-C34B-065F-65A6460C2DA9} = {00AA072D-B5C8-425B-956B-05DD21128C63}
		{38B3C2E5-BB7E-8B4E-4883-D1C20CC3F32C} = {00AA072D-B5C8-425B-956B-05DD21128C63}
		{6B2A4358-0995-5681-F91A-E4EBDBA27176} = {00AA072D-B5C8-425B-956B-05DD21128C63}
		{25757D6B-C28B-35BC-5D6C-6B06CC950A8B} = {00AA072D-B5C8-425B-956B-05DD21128C63}
		{DBF9ED39-2D4A-EFD7-DBD9-ACF508A022AB} = {8AED6039-FFF7-48BE-A7EA-30377543AD0B}
		{30173CEE-31A0-3311-84EC-EB889633D852} = {8AED6039-FFF7-48BE-A7EA-30377543AD0B}
		{B51D51CF-4131-96D1-6E70-C7E9C1798B4A} = {8AED6039-FFF7-48BE-A7EA-30377543AD0B}
		{62C9CC7B-7F54-56FE-AEA5-44D4AD27B173} = {8AED6039-FFF7-48BE-A7EA-30377543AD0B}
		{C3F159F3-D908-958D-BA32-318827FD438E} = {8AED6039-FFF7-48BE-A7EA-30377543AD0B}
		{DEFEB957-C8BA-48F4-8DD2-02B29EFDFC8D} = {BC6FD553-9A46-4507-8910-9015989148AE}
		{8BA11365-C1D2-40D5-89A8-629A36F1C453} = {BC6FD553-9A46-4507-8910-9015989148AE}
		{1BAD8C00-F350-449B-ABBA-899CA1B934DF} = {BC6FD553-9A46-4507-8910-9015989148AE}
	EndGlobalSection
	GlobalSection(ExtensibilityGlobals) = postSolution
		SolutionGuid = {49D0594D-1BF2-4CC7-9D02-C49B663979E4}
	EndGlobalSection
EndGlobal
